// !$*UTF8*$!
{
	archiveVersion = 1;
	classes = {
	};
	objectVersion = 48;
	objects = {

/* Begin PBXBuildFile section */
		37874D101FE04A910028D7A5 /* AppDelegate.swift in Sources */ = {isa = PBXBuildFile; fileRef = 37874D0F1FE04A910028D7A5 /* AppDelegate.swift */; };
		37874D121FE04A910028D7A5 /* MapViewController.swift in Sources */ = {isa = PBXBuildFile; fileRef = 37874D111FE04A910028D7A5 /* MapViewController.swift */; };
		37874D151FE04A910028D7A5 /* Main.storyboard in Resources */ = {isa = PBXBuildFile; fileRef = 37874D131FE04A910028D7A5 /* Main.storyboard */; };
		37874D181FE04A910028D7A5 /* WeatherApp.xcdatamodeld in Sources */ = {isa = PBXBuildFile; fileRef = 37874D161FE04A910028D7A5 /* WeatherApp.xcdatamodeld */; };
		37874D1A1FE04A910028D7A5 /* Assets.xcassets in Resources */ = {isa = PBXBuildFile; fileRef = 37874D191FE04A910028D7A5 /* Assets.xcassets */; };
		37874D1D1FE04A910028D7A5 /* LaunchScreen.storyboard in Resources */ = {isa = PBXBuildFile; fileRef = 37874D1B1FE04A910028D7A5 /* LaunchScreen.storyboard */; };
		37874D2A1FE04C500028D7A5 /* StoryboardID.swift in Sources */ = {isa = PBXBuildFile; fileRef = 37874D291FE04C500028D7A5 /* StoryboardID.swift */; };
		37874D2C1FE04C590028D7A5 /* URLConstants.swift in Sources */ = {isa = PBXBuildFile; fileRef = 37874D2B1FE04C590028D7A5 /* URLConstants.swift */; };
		37874D2E1FE04C6F0028D7A5 /* AppTheme.swift in Sources */ = {isa = PBXBuildFile; fileRef = 37874D2D1FE04C6F0028D7A5 /* AppTheme.swift */; };
		37874D301FE04C840028D7A5 /* APIClient.swift in Sources */ = {isa = PBXBuildFile; fileRef = 37874D2F1FE04C840028D7A5 /* APIClient.swift */; };
		37874D321FE04CA00028D7A5 /* Prediction.swift in Sources */ = {isa = PBXBuildFile; fileRef = 37874D311FE04CA00028D7A5 /* Prediction.swift */; };
/* End PBXBuildFile section */

/* Begin PBXFileReference section */
		37874D0C1FE04A910028D7A5 /* WeatherApp.app */ = {isa = PBXFileReference; explicitFileType = wrapper.application; includeInIndex = 0; path = WeatherApp.app; sourceTree = BUILT_PRODUCTS_DIR; };
		37874D0F1FE04A910028D7A5 /* AppDelegate.swift */ = {isa = PBXFileReference; lastKnownFileType = sourcecode.swift; path = AppDelegate.swift; sourceTree = "<group>"; };
		37874D111FE04A910028D7A5 /* MapViewController.swift */ = {isa = PBXFileReference; lastKnownFileType = sourcecode.swift; path = MapViewController.swift; sourceTree = "<group>"; };
		37874D141FE04A910028D7A5 /* Base */ = {isa = PBXFileReference; lastKnownFileType = file.storyboard; name = Base; path = Base.lproj/Main.storyboard; sourceTree = "<group>"; };
		37874D171FE04A910028D7A5 /* WeatherApp.xcdatamodel */ = {isa = PBXFileReference; lastKnownFileType = wrapper.xcdatamodel; path = WeatherApp.xcdatamodel; sourceTree = "<group>"; };
		37874D191FE04A910028D7A5 /* Assets.xcassets */ = {isa = PBXFileReference; lastKnownFileType = folder.assetcatalog; path = Assets.xcassets; sourceTree = "<group>"; };
		37874D1C1FE04A910028D7A5 /* Base */ = {isa = PBXFileReference; lastKnownFileType = file.storyboard; name = Base; path = Base.lproj/LaunchScreen.storyboard; sourceTree = "<group>"; };
		37874D1E1FE04A910028D7A5 /* Info.plist */ = {isa = PBXFileReference; lastKnownFileType = text.plist.xml; path = Info.plist; sourceTree = "<group>"; };
		37874D291FE04C500028D7A5 /* StoryboardID.swift */ = {isa = PBXFileReference; lastKnownFileType = sourcecode.swift; path = StoryboardID.swift; sourceTree = "<group>"; };
		37874D2B1FE04C590028D7A5 /* URLConstants.swift */ = {isa = PBXFileReference; lastKnownFileType = sourcecode.swift; path = URLConstants.swift; sourceTree = "<group>"; };
		37874D2D1FE04C6F0028D7A5 /* AppTheme.swift */ = {isa = PBXFileReference; lastKnownFileType = sourcecode.swift; path = AppTheme.swift; sourceTree = "<group>"; };
		37874D2F1FE04C840028D7A5 /* APIClient.swift */ = {isa = PBXFileReference; lastKnownFileType = sourcecode.swift; path = APIClient.swift; sourceTree = "<group>"; };
		37874D311FE04CA00028D7A5 /* Prediction.swift */ = {isa = PBXFileReference; lastKnownFileType = sourcecode.swift; path = Prediction.swift; sourceTree = "<group>"; };
/* End PBXFileReference section */

/* Begin PBXFrameworksBuildPhase section */
		37874D091FE04A910028D7A5 /* Frameworks */ = {
			isa = PBXFrameworksBuildPhase;
			buildActionMask = 2147483647;
			files = (
			);
			runOnlyForDeploymentPostprocessing = 0;
		};
/* End PBXFrameworksBuildPhase section */

/* Begin PBXGroup section */
		37874D031FE04A910028D7A5 = {
			isa = PBXGroup;
			children = (
				37874D0E1FE04A910028D7A5 /* WeatherApp */,
				37874D0D1FE04A910028D7A5 /* Products */,
			);
			sourceTree = "<group>";
		};
		37874D0D1FE04A910028D7A5 /* Products */ = {
			isa = PBXGroup;
			children = (
				37874D0C1FE04A910028D7A5 /* WeatherApp.app */,
			);
			name = Products;
			sourceTree = "<group>";
		};
		37874D0E1FE04A910028D7A5 /* WeatherApp */ = {
			isa = PBXGroup;
			children = (
				37874D281FE04C390028D7A5 /* Helpers */,
				37874D271FE04C340028D7A5 /* Constants */,
				37874D261FE04C2E0028D7A5 /* CustomViews */,
				37874D251FE04C290028D7A5 /* Models */,
				37874D241FE04C240028D7A5 /* Controllers */,
				37874D0F1FE04A910028D7A5 /* AppDelegate.swift */,
				37874D111FE04A910028D7A5 /* MapViewController.swift */,
				37874D131FE04A910028D7A5 /* Main.storyboard */,
				37874D191FE04A910028D7A5 /* Assets.xcassets */,
				37874D1B1FE04A910028D7A5 /* LaunchScreen.storyboard */,
				37874D1E1FE04A910028D7A5 /* Info.plist */,
				37874D161FE04A910028D7A5 /* WeatherApp.xcdatamodeld */,
			);
			path = WeatherApp;
			sourceTree = "<group>";
		};
		37874D241FE04C240028D7A5 /* Controllers */ = {
			isa = PBXGroup;
			children = (
			);
			path = Controllers;
			sourceTree = "<group>";
		};
		37874D251FE04C290028D7A5 /* Models */ = {
			isa = PBXGroup;
			children = (
				37874D311FE04CA00028D7A5 /* Prediction.swift */,
			);
			path = Models;
			sourceTree = "<group>";
		};
		37874D261FE04C2E0028D7A5 /* CustomViews */ = {
			isa = PBXGroup;
			children = (
			);
			path = CustomViews;
			sourceTree = "<group>";
		};
		37874D271FE04C340028D7A5 /* Constants */ = {
			isa = PBXGroup;
			children = (
				37874D291FE04C500028D7A5 /* StoryboardID.swift */,
				37874D2B1FE04C590028D7A5 /* URLConstants.swift */,
				37874D2D1FE04C6F0028D7A5 /* AppTheme.swift */,
			);
			path = Constants;
			sourceTree = "<group>";
		};
		37874D281FE04C390028D7A5 /* Helpers */ = {
			isa = PBXGroup;
			children = (
				37874D2F1FE04C840028D7A5 /* APIClient.swift */,
			);
			path = Helpers;
			sourceTree = "<group>";
		};
/* End PBXGroup section */

/* Begin PBXNativeTarget section */
		37874D0B1FE04A910028D7A5 /* WeatherApp */ = {
			isa = PBXNativeTarget;
			buildConfigurationList = 37874D211FE04A910028D7A5 /* Build configuration list for PBXNativeTarget "WeatherApp" */;
			buildPhases = (
				37874D081FE04A910028D7A5 /* Sources */,
				37874D091FE04A910028D7A5 /* Frameworks */,
				37874D0A1FE04A910028D7A5 /* Resources */,
			);
			buildRules = (
			);
			dependencies = (
			);
			name = WeatherApp;
			productName = WeatherApp;
			productReference = 37874D0C1FE04A910028D7A5 /* WeatherApp.app */;
			productType = "com.apple.product-type.application";
		};
/* End PBXNativeTarget section */

/* Begin PBXProject section */
		37874D041FE04A910028D7A5 /* Project object */ = {
			isa = PBXProject;
			attributes = {
				LastSwiftUpdateCheck = 0900;
				LastUpgradeCheck = 0900;
				ORGANIZATIONNAME = vrat28;
				TargetAttributes = {
					37874D0B1FE04A910028D7A5 = {
						CreatedOnToolsVersion = 9.0;
						ProvisioningStyle = Automatic;
					};
				};
			};
			buildConfigurationList = 37874D071FE04A910028D7A5 /* Build configuration list for PBXProject "WeatherApp" */;
			compatibilityVersion = "Xcode 8.0";
			developmentRegion = en;
			hasScannedForEncodings = 0;
			knownRegions = (
				en,
				Base,
			);
			mainGroup = 37874D031FE04A910028D7A5;
			productRefGroup = 37874D0D1FE04A910028D7A5 /* Products */;
			projectDirPath = "";
			projectRoot = "";
			targets = (
				37874D0B1FE04A910028D7A5 /* WeatherApp */,
			);
		};
/* End PBXProject section */

/* Begin PBXResourcesBuildPhase section */
		37874D0A1FE04A910028D7A5 /* Resources */ = {
			isa = PBXResourcesBuildPhase;
			buildActionMask = 2147483647;
			files = (
				37874D1D1FE04A910028D7A5 /* LaunchScreen.storyboard in Resources */,
				37874D1A1FE04A910028D7A5 /* Assets.xcassets in Resources */,
				37874D151FE04A910028D7A5 /* Main.storyboard in Resources */,
			);
			runOnlyForDeploymentPostprocessing = 0;
		};
/* End PBXResourcesBuildPhase section */

/* Begin PBXSourcesBuildPhase section */
		37874D081FE04A910028D7A5 /* Sources */ = {
			isa = PBXSourcesBuildPhase;
			buildActionMask = 2147483647;
			files = (
				37874D181FE04A910028D7A5 /* WeatherApp.xcdatamodeld in Sources */,
				37874D301FE04C840028D7A5 /* APIClient.swift in Sources */,
				37874D121FE04A910028D7A5 /* MapViewController.swift in Sources */,
				37874D101FE04A910028D7A5 /* AppDelegate.swift in Sources */,
				37874D321FE04CA00028D7A5 /* Prediction.swift in Sources */,
				37874D2E1FE04C6F0028D7A5 /* AppTheme.swift in Sources */,
				37874D2A1FE04C500028D7A5 /* StoryboardID.swift in Sources */,
				37874D2C1FE04C590028D7A5 /* URLConstants.swift in Sources */,
			);
			runOnlyForDeploymentPostprocessing = 0;
		};
/* End PBXSourcesBuildPhase section */

/* Begin PBXVariantGroup section */
		37874D131FE04A910028D7A5 /* Main.storyboard */ = {
			isa = PBXVariantGroup;
			children = (
				37874D141FE04A910028D7A5 /* Base */,
			);
			name = Main.storyboard;
			sourceTree = "<group>";
		};
		37874D1B1FE04A910028D7A5 /* LaunchScreen.storyboard */ = {
			isa = PBXVariantGroup;
			children = (
				37874D1C1FE04A910028D7A5 /* Base */,
			);
			name = LaunchScreen.storyboard;
			sourceTree = "<group>";
		};
/* End PBXVariantGroup section */

/* Begin XCBuildConfiguration section */
		37874D1F1FE04A910028D7A5 /* Debug */ = {
			isa = XCBuildConfiguration;
			buildSettings = {
				ALWAYS_SEARCH_USER_PATHS = NO;
				CLANG_ANALYZER_NONNULL = YES;
				CLANG_ANALYZER_NUMBER_OBJECT_CONVERSION = YES_AGGRESSIVE;
				CLANG_CXX_LANGUAGE_STANDARD = "gnu++14";
				CLANG_CXX_LIBRARY = "libc++";
				CLANG_ENABLE_MODULES = YES;
				CLANG_ENABLE_OBJC_ARC = YES;
				CLANG_WARN_BLOCK_CAPTURE_AUTORELEASING = YES;
				CLANG_WARN_BOOL_CONVERSION = YES;
				CLANG_WARN_COMMA = YES;
				CLANG_WARN_CONSTANT_CONVERSION = YES;
				CLANG_WARN_DIRECT_OBJC_ISA_USAGE = YES_ERROR;
				CLANG_WARN_DOCUMENTATION_COMMENTS = YES;
				CLANG_WARN_EMPTY_BODY = YES;
				CLANG_WARN_ENUM_CONVERSION = YES;
				CLANG_WARN_INFINITE_RECURSION = YES;
				CLANG_WARN_INT_CONVERSION = YES;
				CLANG_WARN_NON_LITERAL_NULL_CONVERSION = YES;
				CLANG_WARN_OBJC_LITERAL_CONVERSION = YES;
				CLANG_WARN_OBJC_ROOT_CLASS = YES_ERROR;
				CLANG_WARN_RANGE_LOOP_ANALYSIS = YES;
				CLANG_WARN_STRICT_PROTOTYPES = YES;
				CLANG_WARN_SUSPICIOUS_MOVE = YES;
				CLANG_WARN_UNGUARDED_AVAILABILITY = YES_AGGRESSIVE;
				CLANG_WARN_UNREACHABLE_CODE = YES;
				CLANG_WARN__DUPLICATE_METHOD_MATCH = YES;
				CODE_SIGN_IDENTITY = "iPhone Developer";
				COPY_PHASE_STRIP = NO;
				DEBUG_INFORMATION_FORMAT = dwarf;
				ENABLE_STRICT_OBJC_MSGSEND = YES;
				ENABLE_TESTABILITY = YES;
				GCC_C_LANGUAGE_STANDARD = gnu11;
				GCC_DYNAMIC_NO_PIC = NO;
				GCC_NO_COMMON_BLOCKS = YES;
				GCC_OPTIMIZATION_LEVEL = 0;
				GCC_PREPROCESSOR_DEFINITIONS = (
					"DEBUG=1",
					"$(inherited)",
				);
				GCC_WARN_64_TO_32_BIT_CONVERSION = YES;
				GCC_WARN_ABOUT_RETURN_TYPE = YES_ERROR;
				GCC_WARN_UNDECLARED_SELECTOR = YES;
				GCC_WARN_UNINITIALIZED_AUTOS = YES_AGGRESSIVE;
				GCC_WARN_UNUSED_FUNCTION = YES;
				GCC_WARN_UNUSED_VARIABLE = YES;
				IPHONEOS_DEPLOYMENT_TARGET = 11.0;
				MTL_ENABLE_DEBUG_INFO = YES;
				ONLY_ACTIVE_ARCH = YES;
				SDKROOT = iphoneos;
				SWIFT_ACTIVE_COMPILATION_CONDITIONS = DEBUG;
				SWIFT_OPTIMIZATION_LEVEL = "-Onone";
			};
			name = Debug;
		};
		37874D201FE04A910028D7A5 /* Release */ = {
			isa = XCBuildConfiguration;
			buildSettings = {
				ALWAYS_SEARCH_USER_PATHS = NO;
				CLANG_ANALYZER_NONNULL = YES;
				CLANG_ANALYZER_NUMBER_OBJECT_CONVERSION = YES_AGGRESSIVE;
				CLANG_CXX_LANGUAGE_STANDARD = "gnu++14";
				CLANG_CXX_LIBRARY = "libc++";
				CLANG_ENABLE_MODULES = YES;
				CLANG_ENABLE_OBJC_ARC = YES;
				CLANG_WARN_BLOCK_CAPTURE_AUTORELEASING = YES;
				CLANG_WARN_BOOL_CONVERSION = YES;
				CLANG_WARN_COMMA = YES;
				CLANG_WARN_CONSTANT_CONVERSION = YES;
				CLANG_WARN_DIRECT_OBJC_ISA_USAGE = YES_ERROR;
				CLANG_WARN_DOCUMENTATION_COMMENTS = YES;
				CLANG_WARN_EMPTY_BODY = YES;
				CLANG_WARN_ENUM_CONVERSION = YES;
				CLANG_WARN_INFINITE_RECURSION = YES;
				CLANG_WARN_INT_CONVERSION = YES;
				CLANG_WARN_NON_LITERAL_NULL_CONVERSION = YES;
				CLANG_WARN_OBJC_LITERAL_CONVERSION = YES;
				CLANG_WARN_OBJC_ROOT_CLASS = YES_ERROR;
				CLANG_WARN_RANGE_LOOP_ANALYSIS = YES;
				CLANG_WARN_STRICT_PROTOTYPES = YES;
				CLANG_WARN_SUSPICIOUS_MOVE = YES;
				CLANG_WARN_UNGUARDED_AVAILABILITY = YES_AGGRESSIVE;
				CLANG_WARN_UNREACHABLE_CODE = YES;
				CLANG_WARN__DUPLICATE_METHOD_MATCH = YES;
				CODE_SIGN_IDENTITY = "iPhone Developer";
				COPY_PHASE_STRIP = NO;
				DEBUG_INFORMATION_FORMAT = "dwarf-with-dsym";
				ENABLE_NS_ASSERTIONS = NO;
				ENABLE_STRICT_OBJC_MSGSEND = YES;
				GCC_C_LANGUAGE_STANDARD = gnu11;
				GCC_NO_COMMON_BLOCKS = YES;
				GCC_WARN_64_TO_32_BIT_CONVERSION = YES;
				GCC_WARN_ABOUT_RETURN_TYPE = YES_ERROR;
				GCC_WARN_UNDECLARED_SELECTOR = YES;
				GCC_WARN_UNINITIALIZED_AUTOS = YES_AGGRESSIVE;
				GCC_WARN_UNUSED_FUNCTION = YES;
				GCC_WARN_UNUSED_VARIABLE = YES;
				IPHONEOS_DEPLOYMENT_TARGET = 11.0;
				MTL_ENABLE_DEBUG_INFO = NO;
				SDKROOT = iphoneos;
				SWIFT_OPTIMIZATION_LEVEL = "-Owholemodule";
				VALIDATE_PRODUCT = YES;
			};
			name = Release;
		};
		37874D221FE04A910028D7A5 /* Debug */ = {
			isa = XCBuildConfiguration;
			buildSettings = {
				ASSETCATALOG_COMPILER_APPICON_NAME = AppIcon;
				CODE_SIGN_STYLE = Automatic;
				DEVELOPMENT_TEAM = 5XUW2EJ8TL;
				INFOPLIST_FILE = WeatherApp/Info.plist;
				LD_RUNPATH_SEARCH_PATHS = "$(inherited) @executable_path/Frameworks";
				PRODUCT_BUNDLE_IDENTIFIER = com.vrat28.WeatherApp;
				PRODUCT_NAME = "$(TARGET_NAME)";
				SWIFT_VERSION = 4.0;
				TARGETED_DEVICE_FAMILY = "1,2";
			};
			name = Debug;
		};
		37874D231FE04A910028D7A5 /* Release */ = {
			isa = XCBuildConfiguration;
			buildSettings = {
				ASSETCATALOG_COMPILER_APPICON_NAME = AppIcon;
				CODE_SIGN_STYLE = Automatic;
				DEVELOPMENT_TEAM = 5XUW2EJ8TL;
				INFOPLIST_FILE = WeatherApp/Info.plist;
				LD_RUNPATH_SEARCH_PATHS = "$(inherited) @executable_path/Frameworks";
				PRODUCT_BUNDLE_IDENTIFIER = com.vrat28.WeatherApp;
				PRODUCT_NAME = "$(TARGET_NAME)";
				SWIFT_VERSION = 4.0;
				TARGETED_DEVICE_FAMILY = "1,2";
			};
			name = Release;
		};
/* End XCBuildConfiguration section */

/* Begin XCConfigurationList section */
		37874D071FE04A910028D7A5 /* Build configuration list for PBXProject "WeatherApp" */ = {
			isa = XCConfigurationList;
			buildConfigurations = (
				37874D1F1FE04A910028D7A5 /* Debug */,
				37874D201FE04A910028D7A5 /* Release */,
			);
			defaultConfigurationIsVisible = 0;
			defaultConfigurationName = Release;
		};
		37874D211FE04A910028D7A5 /* Build configuration list for PBXNativeTarget "WeatherApp" */ = {
			isa = XCConfigurationList;
			buildConfigurations = (
				37874D221FE04A910028D7A5 /* Debug */,
				37874D231FE04A910028D7A5 /* Release */,
			);
			defaultConfigurationIsVisible = 0;
			defaultConfigurationName = Release;
		};
/* End XCConfigurationList section */

/* Begin XCVersionGroup section */
		37874D161FE04A910028D7A5 /* WeatherApp.xcdatamodeld */ = {
			isa = XCVersionGroup;
			children = (
				37874D171FE04A910028D7A5 /* WeatherApp.xcdatamodel */,
			);
			currentVersion = 37874D171FE04A910028D7A5 /* WeatherApp.xcdatamodel */;
			path = WeatherApp.xcdatamodeld;
			sourceTree = "<group>";
			versionGroupType = wrapper.xcdatamodel;
		};
/* End XCVersionGroup section */
	};
	rootObject = 37874D041FE04A910028D7A5 /* Project object */;
}
